
Microsoft Visual Studio Solution File, Format Version 12.00
# Visual Studio 15
VisualStudioVersion = 15.0.26206.0
MinimumVisualStudioVersion = 10.0.40219.1
Project("{FAE04EC0-301F-11D3-BF4B-00C04F79EFBC}") = "mgserver.console", "mgserver.console\mgserver.console.csproj", "{7ACA7BC4-0E4B-481C-8373-5D7C355E82D8}"
EndProject
Project("{FAE04EC0-301F-11D3-BF4B-00C04F79EFBC}") = "OSGeo.MapGuide.Services", "OSGeo.MapGuide.Services\OSGeo.MapGuide.Services.csproj", "{71151565-47F0-46EA-A087-CCE4A595FBFE}"
EndProject
Project("{2150E333-8FDC-42A3-9474-1A3956D46DE8}") = "Common", "Common", "{AD5ED39B-77ED-45DB-A037-AFD1EBCF8619}"
EndProject
Project("{9A19103F-16F7-4668-BE54-9A1E7A4F7556}") = "OSGeo.MapGuide", "..\Common\gRpc\csharp\OSGeo.MapGuide.csproj", "{76B8658B-821C-4729-B14F-8CCE0CA00E01}"
EndProject
Project("{2150E333-8FDC-42A3-9474-1A3956D46DE8}") = "Server", "Server", "{C52D586B-F043-4240-A148-B370ECEFA1C7}"
EndProject
Global
	GlobalSection(SolutionConfigurationPlatforms) = preSolution
		Debug|Any CPU = Debug|Any CPU
		Debug|x64 = Debug|x64
		Debug|x86 = Debug|x86
		Release|Any CPU = Release|Any CPU
		Release|x64 = Release|x64
		Release|x86 = Release|x86
	EndGlobalSection
	GlobalSection(ProjectConfigurationPlatforms) = postSolution
		{7ACA7BC4-0E4B-481C-8373-5D7C355E82D8}.Debug|Any CPU.ActiveCfg = Debug|Any CPU
		{7ACA7BC4-0E4B-481C-8373-5D7C355E82D8}.Debug|Any CPU.Build.0 = Debug|Any CPU
		{7ACA7BC4-0E4B-481C-8373-5D7C355E82D8}.Debug|x64.ActiveCfg = Debug|Any CPU
		{7ACA7BC4-0E4B-481C-8373-5D7C355E82D8}.Debug|x64.Build.0 = Debug|Any CPU
		{7ACA7BC4-0E4B-481C-8373-5D7C355E82D8}.Debug|x86.ActiveCfg = Debug|Any CPU
		{7ACA7BC4-0E4B-481C-8373-5D7C355E82D8}.Debug|x86.Build.0 = Debug|Any CPU
		{7ACA7BC4-0E4B-481C-8373-5D7C355E82D8}.Release|Any CPU.ActiveCfg = Release|Any CPU
		{7ACA7BC4-0E4B-481C-8373-5D7C355E82D8}.Release|Any CPU.Build.0 = Release|Any CPU
		{7ACA7BC4-0E4B-481C-8373-5D7C355E82D8}.Release|x64.ActiveCfg = Release|Any CPU
		{7ACA7BC4-0E4B-481C-8373-5D7C355E82D8}.Release|x64.Build.0 = Release|Any CPU
		{7ACA7BC4-0E4B-481C-8373-5D7C355E82D8}.Release|x86.ActiveCfg = Release|Any CPU
		{7ACA7BC4-0E4B-481C-8373-5D7C355E82D8}.Release|x86.Build.0 = Release|Any CPU
		{71151565-47F0-46EA-A087-CCE4A595FBFE}.Debug|Any CPU.ActiveCfg = Debug|Any CPU
		{71151565-47F0-46EA-A087-CCE4A595FBFE}.Debug|Any CPU.Build.0 = Debug|Any CPU
		{71151565-47F0-46EA-A087-CCE4A595FBFE}.Debug|x64.ActiveCfg = Debug|Any CPU
		{71151565-47F0-46EA-A087-CCE4A595FBFE}.Debug|x64.Build.0 = Debug|Any CPU
		{71151565-47F0-46EA-A087-CCE4A595FBFE}.Debug|x86.ActiveCfg = Debug|Any CPU
		{71151565-47F0-46EA-A087-CCE4A595FBFE}.Debug|x86.Build.0 = Debug|Any CPU
		{71151565-47F0-46EA-A087-CCE4A595FBFE}.Release|Any CPU.ActiveCfg = Release|Any CPU
		{71151565-47F0-46EA-A087-CCE4A595FBFE}.Release|Any CPU.Build.0 = Release|Any CPU
		{71151565-47F0-46EA-A087-CCE4A595FBFE}.Release|x64.ActiveCfg = Release|Any CPU
		{71151565-47F0-46EA-A087-CCE4A595FBFE}.Release|x64.Build.0 = Release|Any CPU
		{71151565-47F0-46EA-A087-CCE4A595FBFE}.Release|x86.ActiveCfg = Release|Any CPU
		{71151565-47F0-46EA-A087-CCE4A595FBFE}.Release|x86.Build.0 = Release|Any CPU
		{76B8658B-821C-4729-B14F-8CCE0CA00E01}.Debug|Any CPU.ActiveCfg = Debug|Any CPU
		{76B8658B-821C-4729-B14F-8CCE0CA00E01}.Debug|Any CPU.Build.0 = Debug|Any CPU
		{76B8658B-821C-4729-B14F-8CCE0CA00E01}.Debug|x64.ActiveCfg = Debug|x64
		{76B8658B-821C-4729-B14F-8CCE0CA00E01}.Debug|x64.Build.0 = Debug|x64
		{76B8658B-821C-4729-B14F-8CCE0CA00E01}.Debug|x86.ActiveCfg = Debug|x86
		{76B8658B-821C-4729-B14F-8CCE0CA00E01}.Debug|x86.Build.0 = Debug|x86
		{76B8658B-821C-4729-B14F-8CCE0CA00E01}.Release|Any CPU.ActiveCfg = Release|Any CPU
		{76B8658B-821C-4729-B14F-8CCE0CA00E01}.Release|Any CPU.Build.0 = Release|Any CPU
		{76B8658B-821C-4729-B14F-8CCE0CA00E01}.Release|x64.ActiveCfg = Release|x64
		{76B8658B-821C-4729-B14F-8CCE0CA00E01}.Release|x64.Build.0 = Release|x64
		{76B8658B-821C-4729-B14F-8CCE0CA00E01}.Release|x86.ActiveCfg = Release|x86
		{76B8658B-821C-4729-B14F-8CCE0CA00E01}.Release|x86.Build.0 = Release|x86
	EndGlobalSection
	GlobalSection(SolutionProperties) = preSolution
		HideSolutionNode = FALSE
	EndGlobalSection
	GlobalSection(NestedProjects) = preSolution
		{7ACA7BC4-0E4B-481C-8373-5D7C355E82D8} = {C52D586B-F043-4240-A148-B370ECEFA1C7}
		{71151565-47F0-46EA-A087-CCE4A595FBFE} = {C52D586B-F043-4240-A148-B370ECEFA1C7}
		{76B8658B-821C-4729-B14F-8CCE0CA00E01} = {AD5ED39B-77ED-45DB-A037-AFD1EBCF8619}
	EndGlobalSection
EndGlobal
